// !$*UTF8*$!
{
	archiveVersion = 1;
	classes = {
	};
	objectVersion = 46;
	objects = {

/* Begin PBXBuildFile section */
		7366DB611C57E5AA002DB979 /* AppDelegate.swift in Sources */ = {isa = PBXBuildFile; fileRef = 7366DB601C57E5AA002DB979 /* AppDelegate.swift */; };
		7366DB631C57E5AA002DB979 /* ViewController.swift in Sources */ = {isa = PBXBuildFile; fileRef = 7366DB621C57E5AA002DB979 /* ViewController.swift */; };
		7366DB661C57E5AA002DB979 /* Main.storyboard in Resources */ = {isa = PBXBuildFile; fileRef = 7366DB641C57E5AA002DB979 /* Main.storyboard */; };
		7366DB681C57E5AA002DB979 /* Assets.xcassets in Resources */ = {isa = PBXBuildFile; fileRef = 7366DB671C57E5AA002DB979 /* Assets.xcassets */; };
		7366DB6B1C57E5AA002DB979 /* LaunchScreen.storyboard in Resources */ = {isa = PBXBuildFile; fileRef = 7366DB691C57E5AA002DB979 /* LaunchScreen.storyboard */; };
		7366DB761C57E5AA002DB979 /* OnTheMapTests.swift in Sources */ = {isa = PBXBuildFile; fileRef = 7366DB751C57E5AA002DB979 /* OnTheMapTests.swift */; };
		7366DB811C57E5AA002DB979 /* OnTheMapUITests.swift in Sources */ = {isa = PBXBuildFile; fileRef = 7366DB801C57E5AA002DB979 /* OnTheMapUITests.swift */; };
/* End PBXBuildFile section */

/* Begin PBXContainerItemProxy section */
		7366DB721C57E5AA002DB979 /* PBXContainerItemProxy */ = {
			isa = PBXContainerItemProxy;
			containerPortal = 7366DB551C57E5AA002DB979 /* Project object */;
			proxyType = 1;
			remoteGlobalIDString = 7366DB5C1C57E5AA002DB979;
			remoteInfo = OnTheMap;
		};
		7366DB7D1C57E5AA002DB979 /* PBXContainerItemProxy */ = {
			isa = PBXContainerItemProxy;
			containerPortal = 7366DB551C57E5AA002DB979 /* Project object */;
			proxyType = 1;
			remoteGlobalIDString = 7366DB5C1C57E5AA002DB979;
			remoteInfo = OnTheMap;
		};
/* End PBXContainerItemProxy section */

/* Begin PBXFileReference section */
		7366DB5D1C57E5AA002DB979 /* OnTheMap.app */ = {isa = PBXFileReference; explicitFileType = wrapper.application; includeInIndex = 0; path = OnTheMap.app; sourceTree = BUILT_PRODUCTS_DIR; };
		7366DB601C57E5AA002DB979 /* AppDelegate.swift */ = {isa = PBXFileReference; lastKnownFileType = sourcecode.swift; path = AppDelegate.swift; sourceTree = "<group>"; };
		7366DB621C57E5AA002DB979 /* ViewController.swift */ = {isa = PBXFileReference; lastKnownFileType = sourcecode.swift; path = ViewController.swift; sourceTree = "<group>"; };
		7366DB651C57E5AA002DB979 /* Base */ = {isa = PBXFileReference; lastKnownFileType = file.storyboard; name = Base; path = Base.lproj/Main.storyboard; sourceTree = "<group>"; };
		7366DB671C57E5AA002DB979 /* Assets.xcassets */ = {isa = PBXFileReference; lastKnownFileType = folder.assetcatalog; path = Assets.xcassets; sourceTree = "<group>"; };
		7366DB6A1C57E5AA002DB979 /* Base */ = {isa = PBXFileReference; lastKnownFileType = file.storyboard; name = Base; path = Base.lproj/LaunchScreen.storyboard; sourceTree = "<group>"; };
		7366DB6C1C57E5AA002DB979 /* Info.plist */ = {isa = PBXFileReference; lastKnownFileType = text.plist.xml; path = Info.plist; sourceTree = "<group>"; };
		7366DB711C57E5AA002DB979 /* OnTheMapTests.xctest */ = {isa = PBXFileReference; explicitFileType = wrapper.cfbundle; includeInIndex = 0; path = OnTheMapTests.xctest; sourceTree = BUILT_PRODUCTS_DIR; };
		7366DB751C57E5AA002DB979 /* OnTheMapTests.swift */ = {isa = PBXFileReference; lastKnownFileType = sourcecode.swift; path = OnTheMapTests.swift; sourceTree = "<group>"; };
		7366DB771C57E5AA002DB979 /* Info.plist */ = {isa = PBXFileReference; lastKnownFileType = text.plist.xml; path = Info.plist; sourceTree = "<group>"; };
		7366DB7C1C57E5AA002DB979 /* OnTheMapUITests.xctest */ = {isa = PBXFileReference; explicitFileType = wrapper.cfbundle; includeInIndex = 0; path = OnTheMapUITests.xctest; sourceTree = BUILT_PRODUCTS_DIR; };
		7366DB801C57E5AA002DB979 /* OnTheMapUITests.swift */ = {isa = PBXFileReference; lastKnownFileType = sourcecode.swift; path = OnTheMapUITests.swift; sourceTree = "<group>"; };
		7366DB821C57E5AA002DB979 /* Info.plist */ = {isa = PBXFileReference; lastKnownFileType = text.plist.xml; path = Info.plist; sourceTree = "<group>"; };
/* End PBXFileReference section */

/* Begin PBXFrameworksBuildPhase section */
		7366DB5A1C57E5AA002DB979 /* Frameworks */ = {
			isa = PBXFrameworksBuildPhase;
			buildActionMask = 2147483647;
			files = (
			);
			runOnlyForDeploymentPostprocessing = 0;
		};
		7366DB6E1C57E5AA002DB979 /* Frameworks */ = {
			isa = PBXFrameworksBuildPhase;
			buildActionMask = 2147483647;
			files = (
			);
			runOnlyForDeploymentPostprocessing = 0;
		};
		7366DB791C57E5AA002DB979 /* Frameworks */ = {
			isa = PBXFrameworksBuildPhase;
			buildActionMask = 2147483647;
			files = (
			);
			runOnlyForDeploymentPostprocessing = 0;
		};
/* End PBXFrameworksBuildPhase section */

/* Begin PBXGroup section */
		7366DB541C57E5AA002DB979 = {
			isa = PBXGroup;
			children = (
				7366DB5F1C57E5AA002DB979 /* OnTheMap */,
				7366DB741C57E5AA002DB979 /* OnTheMapTests */,
				7366DB7F1C57E5AA002DB979 /* OnTheMapUITests */,
				7366DB5E1C57E5AA002DB979 /* Products */,
			);
			sourceTree = "<group>";
		};
		7366DB5E1C57E5AA002DB979 /* Products */ = {
			isa = PBXGroup;
			children = (
				7366DB5D1C57E5AA002DB979 /* OnTheMap.app */,
				7366DB711C57E5AA002DB979 /* OnTheMapTests.xctest */,
				7366DB7C1C57E5AA002DB979 /* OnTheMapUITests.xctest */,
			);
			name = Products;
			sourceTree = "<group>";
		};
		7366DB5F1C57E5AA002DB979 /* OnTheMap */ = {
			isa = PBXGroup;
			children = (
				7366DB601C57E5AA002DB979 /* AppDelegate.swift */,
				7366DB621C57E5AA002DB979 /* ViewController.swift */,
				7366DB641C57E5AA002DB979 /* Main.storyboard */,
				7366DB671C57E5AA002DB979 /* Assets.xcassets */,
				7366DB691C57E5AA002DB979 /* LaunchScreen.storyboard */,
				7366DB6C1C57E5AA002DB979 /* Info.plist */,
			);
			path = OnTheMap;
			sourceTree = "<group>";
		};
		7366DB741C57E5AA002DB979 /* OnTheMapTests */ = {
			isa = PBXGroup;
			children = (
				7366DB751C57E5AA002DB979 /* OnTheMapTests.swift */,
				7366DB771C57E5AA002DB979 /* Info.plist */,
			);
			path = OnTheMapTests;
			sourceTree = "<group>";
		};
		7366DB7F1C57E5AA002DB979 /* OnTheMapUITests */ = {
			isa = PBXGroup;
			children = (
				7366DB801C57E5AA002DB979 /* OnTheMapUITests.swift */,
				7366DB821C57E5AA002DB979 /* Info.plist */,
			);
			path = OnTheMapUITests;
			sourceTree = "<group>";
		};
/* End PBXGroup section */

/* Begin PBXNativeTarget section */
		7366DB5C1C57E5AA002DB979 /* OnTheMap */ = {
			isa = PBXNativeTarget;
			buildConfigurationList = 7366DB851C57E5AA002DB979 /* Build configuration list for PBXNativeTarget "OnTheMap" */;
			buildPhases = (
				7366DB591C57E5AA002DB979 /* Sources */,
				7366DB5A1C57E5AA002DB979 /* Frameworks */,
				7366DB5B1C57E5AA002DB979 /* Resources */,
			);
			buildRules = (
			);
			dependencies = (
			);
			name = OnTheMap;
			productName = OnTheMap;
			productReference = 7366DB5D1C57E5AA002DB979 /* OnTheMap.app */;
			productType = "com.apple.product-type.application";
		};
		7366DB701C57E5AA002DB979 /* OnTheMapTests */ = {
			isa = PBXNativeTarget;
			buildConfigurationList = 7366DB881C57E5AA002DB979 /* Build configuration list for PBXNativeTarget "OnTheMapTests" */;
			buildPhases = (
				7366DB6D1C57E5AA002DB979 /* Sources */,
				7366DB6E1C57E5AA002DB979 /* Frameworks */,
				7366DB6F1C57E5AA002DB979 /* Resources */,
			);
			buildRules = (
			);
			dependencies = (
				7366DB731C57E5AA002DB979 /* PBXTargetDependency */,
			);
			name = OnTheMapTests;
			productName = OnTheMapTests;
			productReference = 7366DB711C57E5AA002DB979 /* OnTheMapTests.xctest */;
			productType = "com.apple.product-type.bundle.unit-test";
		};
		7366DB7B1C57E5AA002DB979 /* OnTheMapUITests */ = {
			isa = PBXNativeTarget;
			buildConfigurationList = 7366DB8B1C57E5AA002DB979 /* Build configuration list for PBXNativeTarget "OnTheMapUITests" */;
			buildPhases = (
				7366DB781C57E5AA002DB979 /* Sources */,
				7366DB791C57E5AA002DB979 /* Frameworks */,
				7366DB7A1C57E5AA002DB979 /* Resources */,
			);
			buildRules = (
			);
			dependencies = (
				7366DB7E1C57E5AA002DB979 /* PBXTargetDependency */,
			);
			name = OnTheMapUITests;
			productName = OnTheMapUITests;
			productReference = 7366DB7C1C57E5AA002DB979 /* OnTheMapUITests.xctest */;
			productType = "com.apple.product-type.bundle.ui-testing";
		};
/* End PBXNativeTarget section */

/* Begin PBXProject section */
		7366DB551C57E5AA002DB979 /* Project object */ = {
			isa = PBXProject;
			attributes = {
				LastSwiftUpdateCheck = 0720;
				LastUpgradeCheck = 0720;
				ORGANIZATIONNAME = "Alfonso Sosa";
				TargetAttributes = {
					7366DB5C1C57E5AA002DB979 = {
						CreatedOnToolsVersion = 7.2;
					};
					7366DB701C57E5AA002DB979 = {
						CreatedOnToolsVersion = 7.2;
						TestTargetID = 7366DB5C1C57E5AA002DB979;
					};
					7366DB7B1C57E5AA002DB979 = {
						CreatedOnToolsVersion = 7.2;
						TestTargetID = 7366DB5C1C57E5AA002DB979;
					};
				};
			};
			buildConfigurationList = 7366DB581C57E5AA002DB979 /* Build configuration list for PBXProject "OnTheMap" */;
			compatibilityVersion = "Xcode 3.2";
			developmentRegion = English;
			hasScannedForEncodings = 0;
			knownRegions = (
				en,
				Base,
			);
			mainGroup = 7366DB541C57E5AA002DB979;
			productRefGroup = 7366DB5E1C57E5AA002DB979 /* Products */;
			projectDirPath = "";
			projectRoot = "";
			targets = (
				7366DB5C1C57E5AA002DB979 /* OnTheMap */,
				7366DB701C57E5AA002DB979 /* OnTheMapTests */,
				7366DB7B1C57E5AA002DB979 /* OnTheMapUITests */,
			);
		};
/* End PBXProject section */

/* Begin PBXResourcesBuildPhase section */
		7366DB5B1C57E5AA002DB979 /* Resources */ = {
			isa = PBXResourcesBuildPhase;
			buildActionMask = 2147483647;
			files = (
				7366DB6B1C57E5AA002DB979 /* LaunchScreen.storyboard in Resources */,
				7366DB681C57E5AA002DB979 /* Assets.xcassets in Resources */,
				7366DB661C57E5AA002DB979 /* Main.storyboard in Resources */,
			);
			runOnlyForDeploymentPostprocessing = 0;
		};
		7366DB6F1C57E5AA002DB979 /* Resources */ = {
			isa = PBXResourcesBuildPhase;
			buildActionMask = 2147483647;
			files = (
			);
			runOnlyForDeploymentPostprocessing = 0;
		};
		7366DB7A1C57E5AA002DB979 /* Resources */ = {
			isa = PBXResourcesBuildPhase;
			buildActionMask = 2147483647;
			files = (
			);
			runOnlyForDeploymentPostprocessing = 0;
		};
/* End PBXResourcesBuildPhase section */

/* Begin PBXSourcesBuildPhase section */
		7366DB591C57E5AA002DB979 /* Sources */ = {
			isa = PBXSourcesBuildPhase;
			buildActionMask = 2147483647;
			files = (
				7366DB631C57E5AA002DB979 /* ViewController.swift in Sources */,
				7366DB611C57E5AA002DB979 /* AppDelegate.swift in Sources */,
			);
			runOnlyForDeploymentPostprocessing = 0;
		};
		7366DB6D1C57E5AA002DB979 /* Sources */ = {
			isa = PBXSourcesBuildPhase;
			buildActionMask = 2147483647;
			files = (
				7366DB761C57E5AA002DB979 /* OnTheMapTests.swift in Sources */,
			);
			runOnlyForDeploymentPostprocessing = 0;
		};
		7366DB781C57E5AA002DB979 /* Sources */ = {
			isa = PBXSourcesBuildPhase;
			buildActionMask = 2147483647;
			files = (
				7366DB811C57E5AA002DB979 /* OnTheMapUITests.swift in Sources */,
			);
			runOnlyForDeploymentPostprocessing = 0;
		};
/* End PBXSourcesBuildPhase section */

/* Begin PBXTargetDependency section */
		7366DB731C57E5AA002DB979 /* PBXTargetDependency */ = {
			isa = PBXTargetDependency;
			target = 7366DB5C1C57E5AA002DB979 /* OnTheMap */;
			targetProxy = 7366DB721C57E5AA002DB979 /* PBXContainerItemProxy */;
		};
		7366DB7E1C57E5AA002DB979 /* PBXTargetDependency */ = {
			isa = PBXTargetDependency;
			target = 7366DB5C1C57E5AA002DB979 /* OnTheMap */;
			targetProxy = 7366DB7D1C57E5AA002DB979 /* PBXContainerItemProxy */;
		};
/* End PBXTargetDependency section */

/* Begin PBXVariantGroup section */
		7366DB641C57E5AA002DB979 /* Main.storyboard */ = {
			isa = PBXVariantGroup;
			children = (
				7366DB651C57E5AA002DB979 /* Base */,
			);
			name = Main.storyboard;
			sourceTree = "<group>";
		};
		7366DB691C57E5AA002DB979 /* LaunchScreen.storyboard */ = {
			isa = PBXVariantGroup;
			children = (
				7366DB6A1C57E5AA002DB979 /* Base */,
			);
			name = LaunchScreen.storyboard;
			sourceTree = "<group>";
		};
/* End PBXVariantGroup section */

/* Begin XCBuildConfiguration section */
		7366DB831C57E5AA002DB979 /* Debug */ = {
			isa = XCBuildConfiguration;
			buildSettings = {
				ALWAYS_SEARCH_USER_PATHS = NO;
				CLANG_CXX_LANGUAGE_STANDARD = "gnu++0x";
				CLANG_CXX_LIBRARY = "libc++";
				CLANG_ENABLE_MODULES = YES;
				CLANG_ENABLE_OBJC_ARC = YES;
				CLANG_WARN_BOOL_CONVERSION = YES;
				CLANG_WARN_CONSTANT_CONVERSION = YES;
				CLANG_WARN_DIRECT_OBJC_ISA_USAGE = YES_ERROR;
				CLANG_WARN_EMPTY_BODY = YES;
				CLANG_WARN_ENUM_CONVERSION = YES;
				CLANG_WARN_INT_CONVERSION = YES;
				CLANG_WARN_OBJC_ROOT_CLASS = YES_ERROR;
				CLANG_WARN_UNREACHABLE_CODE = YES;
				CLANG_WARN__DUPLICATE_METHOD_MATCH = YES;
				"CODE_SIGN_IDENTITY[sdk=iphoneos*]" = "iPhone Developer";
				COPY_PHASE_STRIP = NO;
				DEBUG_INFORMATION_FORMAT = dwarf;
				ENABLE_STRICT_OBJC_MSGSEND = YES;
				ENABLE_TESTABILITY = YES;
				GCC_C_LANGUAGE_STANDARD = gnu99;
				GCC_DYNAMIC_NO_PIC = NO;
				GCC_NO_COMMON_BLOCKS = YES;
				GCC_OPTIMIZATION_LEVEL = 0;
				GCC_PREPROCESSOR_DEFINITIONS = (
					"DEBUG=1",
					"$(inherited)",
				);
				GCC_WARN_64_TO_32_BIT_CONVERSION = YES;
				GCC_WARN_ABOUT_RETURN_TYPE = YES_ERROR;
				GCC_WARN_UNDECLARED_SELECTOR = YES;
				GCC_WARN_UNINITIALIZED_AUTOS = YES_AGGRESSIVE;
				GCC_WARN_UNUSED_FUNCTION = YES;
				GCC_WARN_UNUSED_VARIABLE = YES;
				IPHONEOS_DEPLOYMENT_TARGET = 9.2;
				MTL_ENABLE_DEBUG_INFO = YES;
				ONLY_ACTIVE_ARCH = YES;
				SDKROOT = iphoneos;
				SWIFT_OPTIMIZATION_LEVEL = "-Onone";
			};
			name = Debug;
		};
		7366DB841C57E5AA002DB979 /* Release */ = {
			isa = XCBuildConfiguration;
			buildSettings = {
				ALWAYS_SEARCH_USER_PATHS = NO;
				CLANG_CXX_LANGUAGE_STANDARD = "gnu++0x";
				CLANG_CXX_LIBRARY = "libc++";
				CLANG_ENABLE_MODULES = YES;
				CLANG_ENABLE_OBJC_ARC = YES;
				CLANG_WARN_BOOL_CONVERSION = YES;
				CLANG_WARN_CONSTANT_CONVERSION = YES;
				CLANG_WARN_DIRECT_OBJC_ISA_USAGE = YES_ERROR;
				CLANG_WARN_EMPTY_BODY = YES;
				CLANG_WARN_ENUM_CONVERSION = YES;
				CLANG_WARN_INT_CONVERSION = YES;
				CLANG_WARN_OBJC_ROOT_CLASS = YES_ERROR;
				CLANG_WARN_UNREACHABLE_CODE = YES;
				CLANG_WARN__DUPLICATE_METHOD_MATCH = YES;
				"CODE_SIGN_IDENTITY[sdk=iphoneos*]" = "iPhone Developer";
				COPY_PHASE_STRIP = NO;
				DEBUG_INFORMATION_FORMAT = "dwarf-with-dsym";
				ENABLE_NS_ASSERTIONS = NO;
				ENABLE_STRICT_OBJC_MSGSEND = YES;
				GCC_C_LANGUAGE_STANDARD = gnu99;
				GCC_NO_COMMON_BLOCKS = YES;
				GCC_WARN_64_TO_32_BIT_CONVERSION = YES;
				GCC_WARN_ABOUT_RETURN_TYPE = YES_ERROR;
				GCC_WARN_UNDECLARED_SELECTOR = YES;
				GCC_WARN_UNINITIALIZED_AUTOS = YES_AGGRESSIVE;
				GCC_WARN_UNUSED_FUNCTION = YES;
				GCC_WARN_UNUSED_VARIABLE = YES;
				IPHONEOS_DEPLOYMENT_TARGET = 9.2;
				MTL_ENABLE_DEBUG_INFO = NO;
				SDKROOT = iphoneos;
				VALIDATE_PRODUCT = YES;
			};
			name = Release;
		};
		7366DB861C57E5AA002DB979 /* Debug */ = {
			isa = XCBuildConfiguration;
			buildSettings = {
				ASSETCATALOG_COMPILER_APPICON_NAME = AppIcon;
				INFOPLIST_FILE = OnTheMap/Info.plist;
				LD_RUNPATH_SEARCH_PATHS = "$(inherited) @executable_path/Frameworks";
				PRODUCT_BUNDLE_IDENTIFIER = com.asosa.OnTheMap;
				PRODUCT_NAME = "$(TARGET_NAME)";
			};
			name = Debug;
		};
		7366DB871C57E5AA002DB979 /* Release */ = {
			isa = XCBuildConfiguration;
			buildSettings = {
				ASSETCATALOG_COMPILER_APPICON_NAME = AppIcon;
				INFOPLIST_FILE = OnTheMap/Info.plist;
				LD_RUNPATH_SEARCH_PATHS = "$(inherited) @executable_path/Frameworks";
				PRODUCT_BUNDLE_IDENTIFIER = com.asosa.OnTheMap;
				PRODUCT_NAME = "$(TARGET_NAME)";
			};
			name = Release;
		};
		7366DB891C57E5AA002DB979 /* Debug */ = {
			isa = XCBuildConfiguration;
			buildSettings = {
				BUNDLE_LOADER = "$(TEST_HOST)";
				INFOPLIST_FILE = OnTheMapTests/Info.plist;
				LD_RUNPATH_SEARCH_PATHS = "$(inherited) @executable_path/Frameworks @loader_path/Frameworks";
				PRODUCT_BUNDLE_IDENTIFIER = com.asosa.OnTheMapTests;
				PRODUCT_NAME = "$(TARGET_NAME)";
				TEST_HOST = "$(BUILT_PRODUCTS_DIR)/OnTheMap.app/OnTheMap";
			};
			name = Debug;
		};
		7366DB8A1C57E5AA002DB979 /* Release */ = {
			isa = XCBuildConfiguration;
			buildSettings = {
				BUNDLE_LOADER = "$(TEST_HOST)";
				INFOPLIST_FILE = OnTheMapTests/Info.plist;
				LD_RUNPATH_SEARCH_PATHS = "$(inherited) @executable_path/Frameworks @loader_path/Frameworks";
				PRODUCT_BUNDLE_IDENTIFIER = com.asosa.OnTheMapTests;
				PRODUCT_NAME = "$(TARGET_NAME)";
				TEST_HOST = "$(BUILT_PRODUCTS_DIR)/OnTheMap.app/OnTheMap";
			};
			name = Release;
		};
		7366DB8C1C57E5AA002DB979 /* Debug */ = {
			isa = XCBuildConfiguration;
			buildSettings = {
				INFOPLIST_FILE = OnTheMapUITests/Info.plist;
				LD_RUNPATH_SEARCH_PATHS = "$(inherited) @executable_path/Frameworks @loader_path/Frameworks";
				PRODUCT_BUNDLE_IDENTIFIER = com.asosa.OnTheMapUITests;
				PRODUCT_NAME = "$(TARGET_NAME)";
				TEST_TARGET_NAME = OnTheMap;
				USES_XCTRUNNER = YES;
			};
			name = Debug;
		};
		7366DB8D1C57E5AA002DB979 /* Release */ = {
			isa = XCBuildConfiguration;
			buildSettings = {
				INFOPLIST_FILE = OnTheMapUITests/Info.plist;
				LD_RUNPATH_SEARCH_PATHS = "$(inherited) @executable_path/Frameworks @loader_path/Frameworks";
				PRODUCT_BUNDLE_IDENTIFIER = com.asosa.OnTheMapUITests;
				PRODUCT_NAME = "$(TARGET_NAME)";
				TEST_TARGET_NAME = OnTheMap;
				USES_XCTRUNNER = YES;
			};
			name = Release;
		};
/* End XCBuildConfiguration section */

/* Begin XCConfigurationList section */
		7366DB581C57E5AA002DB979 /* Build configuration list for PBXProject "OnTheMap" */ = {
			isa = XCConfigurationList;
			buildConfigurations = (
				7366DB831C57E5AA002DB979 /* Debug */,
				7366DB841C57E5AA002DB979 /* Release */,
			);
			defaultConfigurationIsVisible = 0;
			defaultConfigurationName = Release;
		};
		7366DB851C57E5AA002DB979 /* Build configuration list for PBXNativeTarget "OnTheMap" */ = {
			isa = XCConfigurationList;
			buildConfigurations = (
				7366DB861C57E5AA002DB979 /* Debug */,
				7366DB871C57E5AA002DB979 /* Release */,
			);
			defaultConfigurationIsVisible = 0;
		};
		7366DB881C57E5AA002DB979 /* Build configuration list for PBXNativeTarget "OnTheMapTests" */ = {
			isa = XCConfigurationList;
			buildConfigurations = (
				7366DB891C57E5AA002DB979 /* Debug */,
				7366DB8A1C57E5AA002DB979 /* Release */,
			);
			defaultConfigurationIsVisible = 0;
		};
		7366DB8B1C57E5AA002DB979 /* Build configuration list for PBXNativeTarget "OnTheMapUITests" */ = {
			isa = XCConfigurationList;
			buildConfigurations = (
				7366DB8C1C57E5AA002DB979 /* Debug */,
				7366DB8D1C57E5AA002DB979 /* Release */,
			);
			defaultConfigurationIsVisible = 0;
		};
/* End XCConfigurationList section */
	};
	rootObject = 7366DB551C57E5AA002DB979 /* Project object */;
}
